// !$*UTF8*$!
{
	archiveVersion = 1;
	classes = {
	};
	objectVersion = 50;
	objects = {

/* Begin PBXBuildFile section */
		2BE0B2CB20892177006B68C7 /* Bus.framework in Frameworks */ = {isa = PBXBuildFile; fileRef = 2BE0B2CA20892177006B68C7 /* Bus.framework */; };
		2BE0B2CC2089217D006B68C7 /* Bus.framework in Frameworks */ = {isa = PBXBuildFile; fileRef = 2BE0B2CA20892177006B68C7 /* Bus.framework */; };
		2BE0B2CD2089217D006B68C7 /* Bus.framework in Embed Frameworks */ = {isa = PBXBuildFile; fileRef = 2BE0B2CA20892177006B68C7 /* Bus.framework */; settings = {ATTRIBUTES = (CodeSignOnCopy, RemoveHeadersOnCopy, ); }; };
		2BF7CBA6208850E00005B702 /* AppDelegate.swift in Sources */ = {isa = PBXBuildFile; fileRef = 2BF7CBA5208850E00005B702 /* AppDelegate.swift */; };
		2BF7CBA8208850E00005B702 /* ViewController.swift in Sources */ = {isa = PBXBuildFile; fileRef = 2BF7CBA7208850E00005B702 /* ViewController.swift */; };
		2BF7CBAB208850E00005B702 /* Main.storyboard in Resources */ = {isa = PBXBuildFile; fileRef = 2BF7CBA9208850E00005B702 /* Main.storyboard */; };
		2BF7CBAD208850E10005B702 /* Assets.xcassets in Resources */ = {isa = PBXBuildFile; fileRef = 2BF7CBAC208850E10005B702 /* Assets.xcassets */; };
		2BF7CBB0208850E10005B702 /* LaunchScreen.storyboard in Resources */ = {isa = PBXBuildFile; fileRef = 2BF7CBAE208850E10005B702 /* LaunchScreen.storyboard */; };
		2BF7CBBB208850E10005B702 /* BusExampleTests.swift in Sources */ = {isa = PBXBuildFile; fileRef = 2BF7CBBA208850E10005B702 /* BusExampleTests.swift */; };
		2BF7CBC6208850E10005B702 /* BusExampleUITests.swift in Sources */ = {isa = PBXBuildFile; fileRef = 2BF7CBC5208850E10005B702 /* BusExampleUITests.swift */; };
		2BF7CBD920885E380005B702 /* FoundDevCell.swift in Sources */ = {isa = PBXBuildFile; fileRef = 2BF7CBD820885E380005B702 /* FoundDevCell.swift */; };
		51063FCEC08486C4FFBD1F31 /* Pods_BusExample.framework in Frameworks */ = {isa = PBXBuildFile; fileRef = 06579A54C643B3C826477E04 /* Pods_BusExample.framework */; };
/* End PBXBuildFile section */

/* Begin PBXContainerItemProxy section */
		2BF7CBB7208850E10005B702 /* PBXContainerItemProxy */ = {
			isa = PBXContainerItemProxy;
			containerPortal = 2BF7CB9A208850E00005B702 /* Project object */;
			proxyType = 1;
			remoteGlobalIDString = 2BF7CBA1208850E00005B702;
			remoteInfo = BusExample;
		};
		2BF7CBC2208850E10005B702 /* PBXContainerItemProxy */ = {
			isa = PBXContainerItemProxy;
			containerPortal = 2BF7CB9A208850E00005B702 /* Project object */;
			proxyType = 1;
			remoteGlobalIDString = 2BF7CBA1208850E00005B702;
			remoteInfo = BusExample;
		};
/* End PBXContainerItemProxy section */

/* Begin PBXCopyFilesBuildPhase section */
		2BF7CBD7208851350005B702 /* Embed Frameworks */ = {
			isa = PBXCopyFilesBuildPhase;
			buildActionMask = 2147483647;
			dstPath = "";
			dstSubfolderSpec = 10;
			files = (
				2BE0B2CD2089217D006B68C7 /* Bus.framework in Embed Frameworks */,
			);
			name = "Embed Frameworks";
			runOnlyForDeploymentPostprocessing = 0;
		};
/* End PBXCopyFilesBuildPhase section */

/* Begin PBXFileReference section */
		06579A54C643B3C826477E04 /* Pods_BusExample.framework */ = {isa = PBXFileReference; explicitFileType = wrapper.framework; includeInIndex = 0; path = Pods_BusExample.framework; sourceTree = BUILT_PRODUCTS_DIR; };
		2BE0B2CA20892177006B68C7 /* Bus.framework */ = {isa = PBXFileReference; lastKnownFileType = wrapper.framework; path = Bus.framework; sourceTree = "<group>"; };
		2BF7CBA2208850E00005B702 /* BusExample.app */ = {isa = PBXFileReference; explicitFileType = wrapper.application; includeInIndex = 0; path = BusExample.app; sourceTree = BUILT_PRODUCTS_DIR; };
		2BF7CBA5208850E00005B702 /* AppDelegate.swift */ = {isa = PBXFileReference; lastKnownFileType = sourcecode.swift; path = AppDelegate.swift; sourceTree = "<group>"; };
		2BF7CBA7208850E00005B702 /* ViewController.swift */ = {isa = PBXFileReference; lastKnownFileType = sourcecode.swift; path = ViewController.swift; sourceTree = "<group>"; };
		2BF7CBAA208850E00005B702 /* Base */ = {isa = PBXFileReference; lastKnownFileType = file.storyboard; name = Base; path = Base.lproj/Main.storyboard; sourceTree = "<group>"; };
		2BF7CBAC208850E10005B702 /* Assets.xcassets */ = {isa = PBXFileReference; lastKnownFileType = folder.assetcatalog; path = Assets.xcassets; sourceTree = "<group>"; };
		2BF7CBAF208850E10005B702 /* Base */ = {isa = PBXFileReference; lastKnownFileType = file.storyboard; name = Base; path = Base.lproj/LaunchScreen.storyboard; sourceTree = "<group>"; };
		2BF7CBB1208850E10005B702 /* Info.plist */ = {isa = PBXFileReference; lastKnownFileType = text.plist.xml; path = Info.plist; sourceTree = "<group>"; };
		2BF7CBB6208850E10005B702 /* BusExampleTests.xctest */ = {isa = PBXFileReference; explicitFileType = wrapper.cfbundle; includeInIndex = 0; path = BusExampleTests.xctest; sourceTree = BUILT_PRODUCTS_DIR; };
		2BF7CBBA208850E10005B702 /* BusExampleTests.swift */ = {isa = PBXFileReference; lastKnownFileType = sourcecode.swift; path = BusExampleTests.swift; sourceTree = "<group>"; };
		2BF7CBBC208850E10005B702 /* Info.plist */ = {isa = PBXFileReference; lastKnownFileType = text.plist.xml; path = Info.plist; sourceTree = "<group>"; };
		2BF7CBC1208850E10005B702 /* BusExampleUITests.xctest */ = {isa = PBXFileReference; explicitFileType = wrapper.cfbundle; includeInIndex = 0; path = BusExampleUITests.xctest; sourceTree = BUILT_PRODUCTS_DIR; };
		2BF7CBC5208850E10005B702 /* BusExampleUITests.swift */ = {isa = PBXFileReference; lastKnownFileType = sourcecode.swift; path = BusExampleUITests.swift; sourceTree = "<group>"; };
		2BF7CBC7208850E10005B702 /* Info.plist */ = {isa = PBXFileReference; lastKnownFileType = text.plist.xml; path = Info.plist; sourceTree = "<group>"; };
		2BF7CBD820885E380005B702 /* FoundDevCell.swift */ = {isa = PBXFileReference; lastKnownFileType = sourcecode.swift; path = FoundDevCell.swift; sourceTree = "<group>"; };
		2F95FFEECD9A092C8984B83B /* Pods-BusExample.release.xcconfig */ = {isa = PBXFileReference; includeInIndex = 1; lastKnownFileType = text.xcconfig; name = "Pods-BusExample.release.xcconfig"; path = "Pods/Target Support Files/Pods-BusExample/Pods-BusExample.release.xcconfig"; sourceTree = "<group>"; };
		DC1E8FE677CA71070AC026C1 /* Pods-BusExample.debug.xcconfig */ = {isa = PBXFileReference; includeInIndex = 1; lastKnownFileType = text.xcconfig; name = "Pods-BusExample.debug.xcconfig"; path = "Pods/Target Support Files/Pods-BusExample/Pods-BusExample.debug.xcconfig"; sourceTree = "<group>"; };
/* End PBXFileReference section */

/* Begin PBXFrameworksBuildPhase section */
		2BF7CB9F208850E00005B702 /* Frameworks */ = {
			isa = PBXFrameworksBuildPhase;
			buildActionMask = 2147483647;
			files = (
				51063FCEC08486C4FFBD1F31 /* Pods_BusExample.framework in Frameworks */,
				2BE0B2CB20892177006B68C7 /* Bus.framework in Frameworks */,
				2BE0B2CC2089217D006B68C7 /* Bus.framework in Frameworks */,
			);
			runOnlyForDeploymentPostprocessing = 0;
		};
		2BF7CBB3208850E10005B702 /* Frameworks */ = {
			isa = PBXFrameworksBuildPhase;
			buildActionMask = 2147483647;
			files = (
			);
			runOnlyForDeploymentPostprocessing = 0;
		};
		2BF7CBBE208850E10005B702 /* Frameworks */ = {
			isa = PBXFrameworksBuildPhase;
			buildActionMask = 2147483647;
			files = (
			);
			runOnlyForDeploymentPostprocessing = 0;
		};
/* End PBXFrameworksBuildPhase section */

/* Begin PBXGroup section */
		1129A35E631FE245FA28E564 /* Pods */ = {
			isa = PBXGroup;
			children = (
				DC1E8FE677CA71070AC026C1 /* Pods-BusExample.debug.xcconfig */,
				2F95FFEECD9A092C8984B83B /* Pods-BusExample.release.xcconfig */,
			);
			name = Pods;
			sourceTree = "<group>";
		};
		2BF7CB99208850E00005B702 = {
			isa = PBXGroup;
			children = (
				2BF7CBA4208850E00005B702 /* BusExample */,
				2BF7CBB9208850E10005B702 /* BusExampleTests */,
				2BF7CBC4208850E10005B702 /* BusExampleUITests */,
				2BF7CBA3208850E00005B702 /* Products */,
				1129A35E631FE245FA28E564 /* Pods */,
				312A55EAA21BD896E0A95C60 /* Frameworks */,
			);
			sourceTree = "<group>";
		};
		2BF7CBA3208850E00005B702 /* Products */ = {
			isa = PBXGroup;
			children = (
				2BF7CBA2208850E00005B702 /* BusExample.app */,
				2BF7CBB6208850E10005B702 /* BusExampleTests.xctest */,
				2BF7CBC1208850E10005B702 /* BusExampleUITests.xctest */,
			);
			name = Products;
			sourceTree = "<group>";
		};
		2BF7CBA4208850E00005B702 /* BusExample */ = {
			isa = PBXGroup;
			children = (
				2BE0B2CA20892177006B68C7 /* Bus.framework */,
				2BF7CBA5208850E00005B702 /* AppDelegate.swift */,
				2BF7CBA7208850E00005B702 /* ViewController.swift */,
				2BF7CBA9208850E00005B702 /* Main.storyboard */,
				2BF7CBAC208850E10005B702 /* Assets.xcassets */,
				2BF7CBAE208850E10005B702 /* LaunchScreen.storyboard */,
				2BF7CBB1208850E10005B702 /* Info.plist */,
				2BF7CBD820885E380005B702 /* FoundDevCell.swift */,
			);
			path = BusExample;
			sourceTree = "<group>";
		};
		2BF7CBB9208850E10005B702 /* BusExampleTests */ = {
			isa = PBXGroup;
			children = (
				2BF7CBBA208850E10005B702 /* BusExampleTests.swift */,
				2BF7CBBC208850E10005B702 /* Info.plist */,
			);
			path = BusExampleTests;
			sourceTree = "<group>";
		};
		2BF7CBC4208850E10005B702 /* BusExampleUITests */ = {
			isa = PBXGroup;
			children = (
				2BF7CBC5208850E10005B702 /* BusExampleUITests.swift */,
				2BF7CBC7208850E10005B702 /* Info.plist */,
			);
			path = BusExampleUITests;
			sourceTree = "<group>";
		};
		312A55EAA21BD896E0A95C60 /* Frameworks */ = {
			isa = PBXGroup;
			children = (
				06579A54C643B3C826477E04 /* Pods_BusExample.framework */,
			);
			name = Frameworks;
			sourceTree = "<group>";
		};
/* End PBXGroup section */

/* Begin PBXNativeTarget section */
		2BF7CBA1208850E00005B702 /* BusExample */ = {
			isa = PBXNativeTarget;
			buildConfigurationList = 2BF7CBCA208850E10005B702 /* Build configuration list for PBXNativeTarget "BusExample" */;
			buildPhases = (
				10D6989C3404586F04D4031D /* [CP] Check Pods Manifest.lock */,
				2BF7CB9E208850E00005B702 /* Sources */,
				2BF7CB9F208850E00005B702 /* Frameworks */,
				2BF7CBA0208850E00005B702 /* Resources */,
				2BF7CBD7208851350005B702 /* Embed Frameworks */,
				749A85A18324FFE372D4592A /* [CP] Embed Pods Frameworks */,
			);
			buildRules = (
			);
			dependencies = (
			);
			name = BusExample;
			productName = BusExample;
			productReference = 2BF7CBA2208850E00005B702 /* BusExample.app */;
			productType = "com.apple.product-type.application";
		};
		2BF7CBB5208850E10005B702 /* BusExampleTests */ = {
			isa = PBXNativeTarget;
			buildConfigurationList = 2BF7CBCD208850E10005B702 /* Build configuration list for PBXNativeTarget "BusExampleTests" */;
			buildPhases = (
				2BF7CBB2208850E10005B702 /* Sources */,
				2BF7CBB3208850E10005B702 /* Frameworks */,
				2BF7CBB4208850E10005B702 /* Resources */,
			);
			buildRules = (
			);
			dependencies = (
				2BF7CBB8208850E10005B702 /* PBXTargetDependency */,
			);
			name = BusExampleTests;
			productName = BusExampleTests;
			productReference = 2BF7CBB6208850E10005B702 /* BusExampleTests.xctest */;
			productType = "com.apple.product-type.bundle.unit-test";
		};
		2BF7CBC0208850E10005B702 /* BusExampleUITests */ = {
			isa = PBXNativeTarget;
			buildConfigurationList = 2BF7CBD0208850E10005B702 /* Build configuration list for PBXNativeTarget "BusExampleUITests" */;
			buildPhases = (
				2BF7CBBD208850E10005B702 /* Sources */,
				2BF7CBBE208850E10005B702 /* Frameworks */,
				2BF7CBBF208850E10005B702 /* Resources */,
			);
			buildRules = (
			);
			dependencies = (
				2BF7CBC3208850E10005B702 /* PBXTargetDependency */,
			);
			name = BusExampleUITests;
			productName = BusExampleUITests;
			productReference = 2BF7CBC1208850E10005B702 /* BusExampleUITests.xctest */;
			productType = "com.apple.product-type.bundle.ui-testing";
		};
/* End PBXNativeTarget section */

/* Begin PBXProject section */
		2BF7CB9A208850E00005B702 /* Project object */ = {
			isa = PBXProject;
			attributes = {
				LastSwiftUpdateCheck = 0930;
				LastUpgradeCheck = 0930;
				ORGANIZATIONNAME = ParkHyunsoo;
				TargetAttributes = {
					2BF7CBA1208850E00005B702 = {
						CreatedOnToolsVersion = 9.3;
						SystemCapabilities = {
							com.apple.BackgroundModes = {
								enabled = 1;
							};
						};
					};
					2BF7CBB5208850E10005B702 = {
						CreatedOnToolsVersion = 9.3;
						TestTargetID = 2BF7CBA1208850E00005B702;
					};
					2BF7CBC0208850E10005B702 = {
						CreatedOnToolsVersion = 9.3;
						TestTargetID = 2BF7CBA1208850E00005B702;
					};
				};
			};
			buildConfigurationList = 2BF7CB9D208850E00005B702 /* Build configuration list for PBXProject "BusExample" */;
			compatibilityVersion = "Xcode 9.3";
			developmentRegion = en;
			hasScannedForEncodings = 0;
			knownRegions = (
				en,
				Base,
			);
			mainGroup = 2BF7CB99208850E00005B702;
			productRefGroup = 2BF7CBA3208850E00005B702 /* Products */;
			projectDirPath = "";
			projectRoot = "";
			targets = (
				2BF7CBA1208850E00005B702 /* BusExample */,
				2BF7CBB5208850E10005B702 /* BusExampleTests */,
				2BF7CBC0208850E10005B702 /* BusExampleUITests */,
			);
		};
/* End PBXProject section */

/* Begin PBXResourcesBuildPhase section */
		2BF7CBA0208850E00005B702 /* Resources */ = {
			isa = PBXResourcesBuildPhase;
			buildActionMask = 2147483647;
			files = (
				2BF7CBB0208850E10005B702 /* LaunchScreen.storyboard in Resources */,
				2BF7CBAD208850E10005B702 /* Assets.xcassets in Resources */,
				2BF7CBAB208850E00005B702 /* Main.storyboard in Resources */,
			);
			runOnlyForDeploymentPostprocessing = 0;
		};
		2BF7CBB4208850E10005B702 /* Resources */ = {
			isa = PBXResourcesBuildPhase;
			buildActionMask = 2147483647;
			files = (
			);
			runOnlyForDeploymentPostprocessing = 0;
		};
		2BF7CBBF208850E10005B702 /* Resources */ = {
			isa = PBXResourcesBuildPhase;
			buildActionMask = 2147483647;
			files = (
			);
			runOnlyForDeploymentPostprocessing = 0;
		};
/* End PBXResourcesBuildPhase section */

/* Begin PBXShellScriptBuildPhase section */
		10D6989C3404586F04D4031D /* [CP] Check Pods Manifest.lock */ = {
			isa = PBXShellScriptBuildPhase;
			buildActionMask = 2147483647;
			files = (
			);
			inputPaths = (
				"${PODS_PODFILE_DIR_PATH}/Podfile.lock",
				"${PODS_ROOT}/Manifest.lock",
			);
			name = "[CP] Check Pods Manifest.lock";
			outputPaths = (
				"$(DERIVED_FILE_DIR)/Pods-BusExample-checkManifestLockResult.txt",
			);
			runOnlyForDeploymentPostprocessing = 0;
			shellPath = /bin/sh;
			shellScript = "diff \"${PODS_PODFILE_DIR_PATH}/Podfile.lock\" \"${PODS_ROOT}/Manifest.lock\" > /dev/null\nif [ $? != 0 ] ; then\n    # print error to STDERR\n    echo \"error: The sandbox is not in sync with the Podfile.lock. Run 'pod install' or update your CocoaPods installation.\" >&2\n    exit 1\nfi\n# This output is used by Xcode 'outputs' to avoid re-running this script phase.\necho \"SUCCESS\" > \"${SCRIPT_OUTPUT_FILE_0}\"\n";
			showEnvVarsInLog = 0;
		};
		749A85A18324FFE372D4592A /* [CP] Embed Pods Frameworks */ = {
			isa = PBXShellScriptBuildPhase;
			buildActionMask = 2147483647;
			files = (
			);
			inputPaths = (
				"${SRCROOT}/Pods/Target Support Files/Pods-BusExample/Pods-BusExample-frameworks.sh",
				"${BUILT_PRODUCTS_DIR}/RxCocoa/RxCocoa.framework",
				"${BUILT_PRODUCTS_DIR}/RxSwift/RxSwift.framework",
				"${BUILT_PRODUCTS_DIR}/Toast-Swift/Toast_Swift.framework",
			);
			name = "[CP] Embed Pods Frameworks";
			outputPaths = (
				"${TARGET_BUILD_DIR}/${FRAMEWORKS_FOLDER_PATH}/RxCocoa.framework",
				"${TARGET_BUILD_DIR}/${FRAMEWORKS_FOLDER_PATH}/RxSwift.framework",
				"${TARGET_BUILD_DIR}/${FRAMEWORKS_FOLDER_PATH}/Toast_Swift.framework",
			);
			runOnlyForDeploymentPostprocessing = 0;
			shellPath = /bin/sh;
			shellScript = "\"${SRCROOT}/Pods/Target Support Files/Pods-BusExample/Pods-BusExample-frameworks.sh\"\n";
			showEnvVarsInLog = 0;
		};
/* End PBXShellScriptBuildPhase section */

/* Begin PBXSourcesBuildPhase section */
		2BF7CB9E208850E00005B702 /* Sources */ = {
			isa = PBXSourcesBuildPhase;
			buildActionMask = 2147483647;
			files = (
				2BF7CBD920885E380005B702 /* FoundDevCell.swift in Sources */,
				2BF7CBA8208850E00005B702 /* ViewController.swift in Sources */,
				2BF7CBA6208850E00005B702 /* AppDelegate.swift in Sources */,
			);
			runOnlyForDeploymentPostprocessing = 0;
		};
		2BF7CBB2208850E10005B702 /* Sources */ = {
			isa = PBXSourcesBuildPhase;
			buildActionMask = 2147483647;
			files = (
				2BF7CBBB208850E10005B702 /* BusExampleTests.swift in Sources */,
			);
			runOnlyForDeploymentPostprocessing = 0;
		};
		2BF7CBBD208850E10005B702 /* Sources */ = {
			isa = PBXSourcesBuildPhase;
			buildActionMask = 2147483647;
			files = (
				2BF7CBC6208850E10005B702 /* BusExampleUITests.swift in Sources */,
			);
			runOnlyForDeploymentPostprocessing = 0;
		};
/* End PBXSourcesBuildPhase section */

/* Begin PBXTargetDependency section */
		2BF7CBB8208850E10005B702 /* PBXTargetDependency */ = {
			isa = PBXTargetDependency;
			target = 2BF7CBA1208850E00005B702 /* BusExample */;
			targetProxy = 2BF7CBB7208850E10005B702 /* PBXContainerItemProxy */;
		};
		2BF7CBC3208850E10005B702 /* PBXTargetDependency */ = {
			isa = PBXTargetDependency;
			target = 2BF7CBA1208850E00005B702 /* BusExample */;
			targetProxy = 2BF7CBC2208850E10005B702 /* PBXContainerItemProxy */;
		};
/* End PBXTargetDependency section */

/* Begin PBXVariantGroup section */
		2BF7CBA9208850E00005B702 /* Main.storyboard */ = {
			isa = PBXVariantGroup;
			children = (
				2BF7CBAA208850E00005B702 /* Base */,
			);
			name = Main.storyboard;
			sourceTree = "<group>";
		};
		2BF7CBAE208850E10005B702 /* LaunchScreen.storyboard */ = {
			isa = PBXVariantGroup;
			children = (
				2BF7CBAF208850E10005B702 /* Base */,
			);
			name = LaunchScreen.storyboard;
			sourceTree = "<group>";
		};
/* End PBXVariantGroup section */

/* Begin XCBuildConfiguration section */
		2BF7CBC8208850E10005B702 /* Debug */ = {
			isa = XCBuildConfiguration;
			buildSettings = {
				ALWAYS_SEARCH_USER_PATHS = NO;
				CLANG_ANALYZER_NONNULL = YES;
				CLANG_ANALYZER_NUMBER_OBJECT_CONVERSION = YES_AGGRESSIVE;
				CLANG_CXX_LANGUAGE_STANDARD = "gnu++14";
				CLANG_CXX_LIBRARY = "libc++";
				CLANG_ENABLE_MODULES = YES;
				CLANG_ENABLE_OBJC_ARC = YES;
				CLANG_ENABLE_OBJC_WEAK = YES;
				CLANG_WARN_BLOCK_CAPTURE_AUTORELEASING = YES;
				CLANG_WARN_BOOL_CONVERSION = YES;
				CLANG_WARN_COMMA = YES;
				CLANG_WARN_CONSTANT_CONVERSION = YES;
				CLANG_WARN_DEPRECATED_OBJC_IMPLEMENTATIONS = YES;
				CLANG_WARN_DIRECT_OBJC_ISA_USAGE = YES_ERROR;
				CLANG_WARN_DOCUMENTATION_COMMENTS = YES;
				CLANG_WARN_EMPTY_BODY = YES;
				CLANG_WARN_ENUM_CONVERSION = YES;
				CLANG_WARN_INFINITE_RECURSION = YES;
				CLANG_WARN_INT_CONVERSION = YES;
				CLANG_WARN_NON_LITERAL_NULL_CONVERSION = YES;
				CLANG_WARN_OBJC_IMPLICIT_RETAIN_SELF = YES;
				CLANG_WARN_OBJC_LITERAL_CONVERSION = YES;
				CLANG_WARN_OBJC_ROOT_CLASS = YES_ERROR;
				CLANG_WARN_RANGE_LOOP_ANALYSIS = YES;
				CLANG_WARN_STRICT_PROTOTYPES = YES;
				CLANG_WARN_SUSPICIOUS_MOVE = YES;
				CLANG_WARN_UNGUARDED_AVAILABILITY = YES_AGGRESSIVE;
				CLANG_WARN_UNREACHABLE_CODE = YES;
				CLANG_WARN__DUPLICATE_METHOD_MATCH = YES;
				CODE_SIGN_IDENTITY = "iPhone Developer";
				COPY_PHASE_STRIP = NO;
				DEBUG_INFORMATION_FORMAT = dwarf;
				ENABLE_STRICT_OBJC_MSGSEND = YES;
				ENABLE_TESTABILITY = YES;
				GCC_C_LANGUAGE_STANDARD = gnu11;
				GCC_DYNAMIC_NO_PIC = NO;
				GCC_NO_COMMON_BLOCKS = YES;
				GCC_OPTIMIZATION_LEVEL = 0;
				GCC_PREPROCESSOR_DEFINITIONS = (
					"DEBUG=1",
					"$(inherited)",
				);
				GCC_WARN_64_TO_32_BIT_CONVERSION = YES;
				GCC_WARN_ABOUT_RETURN_TYPE = YES_ERROR;
				GCC_WARN_UNDECLARED_SELECTOR = YES;
				GCC_WARN_UNINITIALIZED_AUTOS = YES_AGGRESSIVE;
				GCC_WARN_UNUSED_FUNCTION = YES;
				GCC_WARN_UNUSED_VARIABLE = YES;
				IPHONEOS_DEPLOYMENT_TARGET = 11.0;
				MTL_ENABLE_DEBUG_INFO = YES;
				ONLY_ACTIVE_ARCH = YES;
				SDKROOT = iphoneos;
				SWIFT_ACTIVE_COMPILATION_CONDITIONS = DEBUG;
				SWIFT_OPTIMIZATION_LEVEL = "-Onone";
			};
			name = Debug;
		};
		2BF7CBC9208850E10005B702 /* Release */ = {
			isa = XCBuildConfiguration;
			buildSettings = {
				ALWAYS_SEARCH_USER_PATHS = NO;
				CLANG_ANALYZER_NONNULL = YES;
				CLANG_ANALYZER_NUMBER_OBJECT_CONVERSION = YES_AGGRESSIVE;
				CLANG_CXX_LANGUAGE_STANDARD = "gnu++14";
				CLANG_CXX_LIBRARY = "libc++";
				CLANG_ENABLE_MODULES = YES;
				CLANG_ENABLE_OBJC_ARC = YES;
				CLANG_ENABLE_OBJC_WEAK = YES;
				CLANG_WARN_BLOCK_CAPTURE_AUTORELEASING = YES;
				CLANG_WARN_BOOL_CONVERSION = YES;
				CLANG_WARN_COMMA = YES;
				CLANG_WARN_CONSTANT_CONVERSION = YES;
				CLANG_WARN_DEPRECATED_OBJC_IMPLEMENTATIONS = YES;
				CLANG_WARN_DIRECT_OBJC_ISA_USAGE = YES_ERROR;
				CLANG_WARN_DOCUMENTATION_COMMENTS = YES;
				CLANG_WARN_EMPTY_BODY = YES;
				CLANG_WARN_ENUM_CONVERSION = YES;
				CLANG_WARN_INFINITE_RECURSION = YES;
				CLANG_WARN_INT_CONVERSION = YES;
				CLANG_WARN_NON_LITERAL_NULL_CONVERSION = YES;
				CLANG_WARN_OBJC_IMPLICIT_RETAIN_SELF = YES;
				CLANG_WARN_OBJC_LITERAL_CONVERSION = YES;
				CLANG_WARN_OBJC_ROOT_CLASS = YES_ERROR;
				CLANG_WARN_RANGE_LOOP_ANALYSIS = YES;
				CLANG_WARN_STRICT_PROTOTYPES = YES;
				CLANG_WARN_SUSPICIOUS_MOVE = YES;
				CLANG_WARN_UNGUARDED_AVAILABILITY = YES_AGGRESSIVE;
				CLANG_WARN_UNREACHABLE_CODE = YES;
				CLANG_WARN__DUPLICATE_METHOD_MATCH = YES;
				CODE_SIGN_IDENTITY = "iPhone Developer";
				COPY_PHASE_STRIP = NO;
				DEBUG_INFORMATION_FORMAT = "dwarf-with-dsym";
				ENABLE_NS_ASSERTIONS = NO;
				ENABLE_STRICT_OBJC_MSGSEND = YES;
				GCC_C_LANGUAGE_STANDARD = gnu11;
				GCC_NO_COMMON_BLOCKS = YES;
				GCC_WARN_64_TO_32_BIT_CONVERSION = YES;
				GCC_WARN_ABOUT_RETURN_TYPE = YES_ERROR;
				GCC_WARN_UNDECLARED_SELECTOR = YES;
				GCC_WARN_UNINITIALIZED_AUTOS = YES_AGGRESSIVE;
				GCC_WARN_UNUSED_FUNCTION = YES;
				GCC_WARN_UNUSED_VARIABLE = YES;
				IPHONEOS_DEPLOYMENT_TARGET = 11.0;
				MTL_ENABLE_DEBUG_INFO = NO;
				SDKROOT = iphoneos;
				SWIFT_COMPILATION_MODE = wholemodule;
				SWIFT_OPTIMIZATION_LEVEL = "-O";
				VALIDATE_PRODUCT = YES;
			};
			name = Release;
		};
		2BF7CBCB208850E10005B702 /* Debug */ = {
			isa = XCBuildConfiguration;
			baseConfigurationReference = DC1E8FE677CA71070AC026C1 /* Pods-BusExample.debug.xcconfig */;
			buildSettings = {
				ASSETCATALOG_COMPILER_APPICON_NAME = AppIcon;
				CODE_SIGN_STYLE = Automatic;
				DEVELOPMENT_TEAM = 2ABNASUGL6;
				FRAMEWORK_SEARCH_PATHS = (
					"$(inherited)",
					"$(PROJECT_DIR)/BusExample",
				);
				INFOPLIST_FILE = BusExample/Info.plist;
				LD_RUNPATH_SEARCH_PATHS = (
					"$(inherited)",
					"@executable_path/Frameworks",
				);
				PRODUCT_BUNDLE_IDENTIFIER = gearmamn06.BusExample;
				PRODUCT_NAME = "$(TARGET_NAME)";
				SWIFT_VERSION = 4.0;
				TARGETED_DEVICE_FAMILY = "1,2";
			};
			name = Debug;
		};
		2BF7CBCC208850E10005B702 /* Release */ = {
			isa = XCBuildConfiguration;
			baseConfigurationReference = 2F95FFEECD9A092C8984B83B /* Pods-BusExample.release.xcconfig */;
			buildSettings = {
				ASSETCATALOG_COMPILER_APPICON_NAME = AppIcon;
				CODE_SIGN_STYLE = Automatic;
				DEVELOPMENT_TEAM = 2ABNASUGL6;
				FRAMEWORK_SEARCH_PATHS = (
					"$(inherited)",
					"$(PROJECT_DIR)/BusExample",
				);
				INFOPLIST_FILE = BusExample/Info.plist;
				LD_RUNPATH_SEARCH_PATHS = (
					"$(inherited)",
					"@executable_path/Frameworks",
				);
				PRODUCT_BUNDLE_IDENTIFIER = gearmamn06.BusExample;
				PRODUCT_NAME = "$(TARGET_NAME)";
				SWIFT_VERSION = 4.0;
				TARGETED_DEVICE_FAMILY = "1,2";
			};
			name = Release;
		};
		2BF7CBCE208850E10005B702 /* Debug */ = {
			isa = XCBuildConfiguration;
			buildSettings = {
				ALWAYS_EMBED_SWIFT_STANDARD_LIBRARIES = YES;
				BUNDLE_LOADER = "$(TEST_HOST)";
				CODE_SIGN_STYLE = Automatic;
				DEVELOPMENT_TEAM = 2ABNASUGL6;
				INFOPLIST_FILE = BusExampleTests/Info.plist;
				LD_RUNPATH_SEARCH_PATHS = (
					"$(inherited)",
					"@executable_path/Frameworks",
					"@loader_path/Frameworks",
				);
				PRODUCT_BUNDLE_IDENTIFIER = gearmamn06.BusExampleTests;
				PRODUCT_NAME = "$(TARGET_NAME)";
				SWIFT_VERSION = 4.0;
				TARGETED_DEVICE_FAMILY = "1,2";
				TEST_HOST = "$(BUILT_PRODUCTS_DIR)/BusExample.app/BusExample";
			};
			name = Debug;
		};
		2BF7CBCF208850E10005B702 /* Release */ = {
			isa = XCBuildConfiguration;
			buildSettings = {
				ALWAYS_EMBED_SWIFT_STANDARD_LIBRARIES = YES;
				BUNDLE_LOADER = "$(TEST_HOST)";
				CODE_SIGN_STYLE = Automatic;
				DEVELOPMENT_TEAM = 2ABNASUGL6;
				INFOPLIST_FILE = BusExampleTests/Info.plist;
				LD_RUNPATH_SEARCH_PATHS = (
					"$(inherited)",
					"@executable_path/Frameworks",
					"@loader_path/Frameworks",
				);
				PRODUCT_BUNDLE_IDENTIFIER = gearmamn06.BusExampleTests;
				PRODUCT_NAME = "$(TARGET_NAME)";
				SWIFT_VERSION = 4.0;
				TARGETED_DEVICE_FAMILY = "1,2";
				TEST_HOST = "$(BUILT_PRODUCTS_DIR)/BusExample.app/BusExample";
			};
			name = Release;
		};
		2BF7CBD1208850E10005B702 /* Debug */ = {
			isa = XCBuildConfiguration;
			buildSettings = {
				ALWAYS_EMBED_SWIFT_STANDARD_LIBRARIES = YES;
				CODE_SIGN_STYLE = Automatic;
				DEVELOPMENT_TEAM = 2ABNASUGL6;
				INFOPLIST_FILE = BusExampleUITests/Info.plist;
				LD_RUNPATH_SEARCH_PATHS = (
					"$(inherited)",
					"@executable_path/Frameworks",
					"@loader_path/Frameworks",
				);
				PRODUCT_BUNDLE_IDENTIFIER = gearmamn06.BusExampleUITests;
				PRODUCT_NAME = "$(TARGET_NAME)";
				SWIFT_VERSION = 4.0;
				TARGETED_DEVICE_FAMILY = "1,2";
				TEST_TARGET_NAME = BusExample;
			};
			name = Debug;
		};
		2BF7CBD2208850E10005B702 /* Release */ = {
			isa = XCBuildConfiguration;
			buildSettings = {
				ALWAYS_EMBED_SWIFT_STANDARD_LIBRARIES = YES;
				CODE_SIGN_STYLE = Automatic;
				DEVELOPMENT_TEAM = 2ABNASUGL6;
				INFOPLIST_FILE = BusExampleUITests/Info.plist;
				LD_RUNPATH_SEARCH_PATHS = (
					"$(inherited)",
					"@executable_path/Frameworks",
					"@loader_path/Frameworks",
				);
				PRODUCT_BUNDLE_IDENTIFIER = gearmamn06.BusExampleUITests;
				PRODUCT_NAME = "$(TARGET_NAME)";
				SWIFT_VERSION = 4.0;
				TARGETED_DEVICE_FAMILY = "1,2";
				TEST_TARGET_NAME = BusExample;
			};
			name = Release;
		};
/* End XCBuildConfiguration section */

/* Begin XCConfigurationList section */
		2BF7CB9D208850E00005B702 /* Build configuration list for PBXProject "BusExample" */ = {
			isa = XCConfigurationList;
			buildConfigurations = (
				2BF7CBC8208850E10005B702 /* Debug */,
				2BF7CBC9208850E10005B702 /* Release */,
			);
			defaultConfigurationIsVisible = 0;
			defaultConfigurationName = Release;
		};
		2BF7CBCA208850E10005B702 /* Build configuration list for PBXNativeTarget "BusExample" */ = {
			isa = XCConfigurationList;
			buildConfigurations = (
				2BF7CBCB208850E10005B702 /* Debug */,
				2BF7CBCC208850E10005B702 /* Release */,
			);
			defaultConfigurationIsVisible = 0;
			defaultConfigurationName = Release;
		};
		2BF7CBCD208850E10005B702 /* Build configuration list for PBXNativeTarget "BusExampleTests" */ = {
			isa = XCConfigurationList;
			buildConfigurations = (
				2BF7CBCE208850E10005B702 /* Debug */,
				2BF7CBCF208850E10005B702 /* Release */,
			);
			defaultConfigurationIsVisible = 0;
			defaultConfigurationName = Release;
		};
		2BF7CBD0208850E10005B702 /* Build configuration list for PBXNativeTarget "BusExampleUITests" */ = {
			isa = XCConfigurationList;
			buildConfigurations = (
				2BF7CBD1208850E10005B702 /* Debug */,
				2BF7CBD2208850E10005B702 /* Release */,
			);
			defaultConfigurationIsVisible = 0;
			defaultConfigurationName = Release;
		};
/* End XCConfigurationList section */
	};
	rootObject = 2BF7CB9A208850E00005B702 /* Project object */;
}
